
Microsoft Visual Studio Solution File, Format Version 12.00
# Visual Studio Version 16
VisualStudioVersion = 16.0.30523.141
MinimumVisualStudioVersion = 10.0.40219.1
Project("{FAE04EC0-301F-11D3-BF4B-00C04F79EFBC}") = "application puzzle", "application puzzle\application puzzle.csproj", "{797E82A5-8F21-4479-BD7E-1C43BCEF3552}"
EndProject
Global
	GlobalSection(SolutionConfigurationPlatforms) = preSolution
		Debug|Any CPU = Debug|Any CPU
		Release|Any CPU = Release|Any CPU
	EndGlobalSection
	GlobalSection(ProjectConfigurationPlatforms) = postSolution
		{797E82A5-8F21-4479-BD7E-1C43BCEF3552}.Debug|Any CPU.ActiveCfg = Debug|Any CPU
		{797E82A5-8F21-4479-BD7E-1C43BCEF3552}.Debug|Any CPU.Build.0 = Debug|Any CPU
		{797E82A5-8F21-4479-BD7E-1C43BCEF3552}.Release|Any CPU.ActiveCfg = Release|Any CPU
		{797E82A5-8F21-4479-BD7E-1C43BCEF3552}.Release|Any CPU.Build.0 = Release|Any CPU
	EndGlobalSection
	GlobalSection(SolutionProperties) = preSolution
		HideSolutionNode = FALSE
	EndGlobalSection
	GlobalSection(ExtensibilityGlobals) = postSolution
		SolutionGuid = {E5E50E73-3EE7-48B1-9725-65A4A67BA794}
	EndGlobalSection
EndGlobal
